schema: '2.0'
stages:
  extract:
    cmd: PYTHONPATH=. python data_pipeline/scripts/data_extraction.py
    deps:
    - path: data_pipeline/data/raw
      hash: md5
      md5: 4256c18c4d8d09bc7515ac91537d7ca3.dir
      size: 4819879
      nfiles: 5
    - path: data_pipeline/scripts/data_extraction.py
      hash: md5
      md5: 2d634209cccc724312bb97b00bb1c708
      size: 4059
    outs:
    - path: data_pipeline/data/extracted
      hash: md5
      md5: f5d050f112f72bb1b17709c528279b26.dir
      size: 791308
      nfiles: 2
  preprocess:
    cmd: PYTHONPATH=. python data_pipeline/scripts/preprocess.py
    deps:
    - path: data_pipeline/data/extracted
      hash: md5
      md5: f5d050f112f72bb1b17709c528279b26.dir
      size: 791308
      nfiles: 2
    - path: data_pipeline/scripts/preprocess.py
      hash: md5
      md5: cc24ea089e87b94173b7c42b1a45f0b3
      size: 3251
    outs:
    - path: data_pipeline/data/cleaned
      hash: md5
      md5: 5d95df2c84a8443b91371daca27c8830.dir
      size: 626511
      nfiles: 1
  embed:
    cmd: PYTHONPATH=. python data_pipeline/scripts/store_in_chromadb.py
    deps:
    - path: data_pipeline/data/cleaned
      hash: md5
      md5: 5d95df2c84a8443b91371daca27c8830.dir
      size: 626511
      nfiles: 1
    - path: data_pipeline/scripts/store_in_chromadb.py
      hash: md5
      md5: ec551bc70f9497e724869bf3785b7822
      size: 3344
    outs:
    - path: data_pipeline/data/vector_db
      hash: md5
      md5: d1039f49a0ff5dc8c269cb8cc6352a8f.dir
      size: 7844004
      nfiles: 5
  validate:
    cmd: PYTHONPATH=. python data_pipeline/scripts/validate_data.py
    deps:
    - path: data_pipeline/data/cleaned
      hash: md5
      md5: 5d95df2c84a8443b91371daca27c8830.dir
      size: 626511
      nfiles: 1
    - path: data_pipeline/scripts/validate_data.py
      hash: md5
      md5: 23d3fa6bff4294769c88a14890aaba8b
      size: 3942
    outs:
    - path: data_pipeline/data/validated
      hash: md5
      md5: 50ebab843d35613ac656a45ac546bc04.dir
      size: 653820
      nfiles: 5
    - path: data_pipeline/logs/validation_report.csv
      hash: md5
      md5: 7ac1e697876329c877b1d3e3132f2897
      size: 265
